DEPENDENCIES
  apache2
    path: cookbooks/apache2-cookbook
  application (= 4.1.6)
  application_ruby
  apt
  auditd
  awstats
  backup
    path: cookbooks/backup-cookbook
  build-essential
  chef-solo-search
  chef_handler
  cron
  external_templates
    path: private/external_templates
  git
  git_ssh_wrapper
    path: cookbooks/chef-git_ssh_wrapper
  hostname
  htpasswd
  imos_apache2
    path: cookbooks/imos_apache2
  imos_artifacts
    path: cookbooks/imos_artifacts
  imos_backup
    path: cookbooks/imos_backup
  imos_chef_solo
    path: cookbooks/imos_chef_solo
  imos_core
    path: cookbooks/imos_core
  imos_devel
    path: cookbooks/imos_devel
  imos_dns
    path: cookbooks/imos_dns
  imos_firewall
    path: cookbooks/imos_firewall
  imos_java
    path: cookbooks/imos_java
  imos_jenkins
    path: cookbooks/imos_jenkins
  imos_mounts
    path: cookbooks/imos_mounts
  imos_po
    path: cookbooks/imos_po
  imos_postfix
    path: cookbooks/imos_postfix
  imos_postgresql
    path: cookbooks/imos_postgresql
  imos_rsync
    path: cookbooks/imos_rsync
  imos_squid
    path: cookbooks/imos_squid
  imos_task_spooler
    path: cookbooks/imos_task_spooler
  imos_users
    path: cookbooks/imos_users
  imos_vsftpd
    path: cookbooks/imos_vsftpd
  imos_webapps
    path: cookbooks/imos_webapps
  imos_websites
    path: cookbooks/imos_websites
  java
  jenkins
  logrotate
  minitest-handler
  mysql (= 6.1.2)
  nagios
    path: cookbooks/nagios
  ntp
  omnibus_updater
  packer
    path: cookbooks/chef-packer
  poise-python
  postfix
  rabbitmq
  route53
  rsync
  rsync_chroot
    path: cookbooks/rsync_chroot
  ruby_rbenv
  s3fs-fuse
    path: cookbooks/s3fs-fuse
  smf
  squid
    path: forked_cookbooks/squid
  ssl
  sudo
  supervisor
  sysctl
  talend
    path: cookbooks/talend
  timezone_lwrp
  tomcat
    path: cookbooks/tomcat
  unattended_upgrades
  users
  vsftpd
  windows
  xvfb

GRAPH
  apache2 (3.2.2)
  application (4.1.6)
  application_ruby (1.0.8)
    apache2 (>= 0.0.0)
    application (>= 0.0.0)
    passenger_apache2 (>= 0.0.0)
    runit (>= 0.0.0)
    unicorn (>= 0.0.0)
  apt (5.1.0)
    compat_resource (>= 12.16.3)
  ark (0.4.2)
  auditd (1.0.1)
  awstats (0.2.2)
    apache2 (>= 0.0.0)
    htpasswd (>= 0.0.0)
  backup (0.1.0)
    git (>= 0.0.0)
  bluepill (3.0.0)
    rsyslog (>= 2.0)
  build-essential (7.0.3)
    compat_resource (>= 12.16.3)
    mingw (>= 1.1)
    seven_zip (>= 0.0.0)
  chef-solo-search (0.5.1)
  chef_handler (2.1.0)
  compat_resource (12.16.3)
  control_groups (0.1.6)
  cron (3.0.0)
  dmg (3.1.0)
  dpkg_autostart (0.2.0)
  erlang (4.1.0)
    apt (>= 1.7.0)
    build-essential (>= 0.0.0)
    yum (~> 3.0)
    yum-epel (>= 0.0.0)
    yum-erlang_solutions (>= 0.0.0)
  external_templates (1.0.0)
  git (5.0.2)
    build-essential (>= 0.0.0)
    dmg (>= 0.0.0)
    yum-epel (>= 0.0.0)
  git_ssh_wrapper (0.1.2)
    git (>= 2.5.2)
  homebrew (3.0.0)
  hostname (0.4.0)
    hostsfile (>= 0.0.0)
  hostsfile (2.4.5)
  htpasswd (0.2.4)
    python (>= 0.0.0)
  iis (5.0.5)
    windows (>= 1.34.6)
  imos_apache2 (0.1.0)
    apache2 (>= 0.0.0)
    awstats (>= 0.0.0)
    logrotate (>= 0.0.0)
  imos_artifacts (1.0.0)
    build-essential (>= 0.0.0)
  imos_backup (0.1.0)
    backup (>= 0.0.0)
    imos_core (>= 0.0.0)
    imos_users (>= 0.0.0)
    logrotate (>= 0.0.0)
  imos_chef_solo (0.1.0)
    apt (>= 0.0.0)
    chef-solo-search (>= 0.0.0)
    chef_handler (>= 0.0.0)
  imos_core (0.1.0)
    build-essential (>= 0.0.0)
    cron (>= 0.0.0)
    git_ssh_wrapper (>= 0.0.0)
    logrotate (>= 0.0.0)
    python (>= 0.0.0)
    sudo (>= 0.0.0)
    sysctl (>= 0.0.0)
    unattended_upgrades (>= 0.0.0)
  imos_devel (0.1.0)
    apt (>= 0.0.0)
    git (>= 0.0.0)
    imos_core (>= 0.0.0)
    imos_postgresql (>= 0.0.0)
    packer (>= 0.0.0)
    rbenv (>= 0.0.0)
    ruby_build (>= 0.0.0)
    xvfb (>= 0.0.0)
  imos_dns (0.1.0)
    route53 (>= 0.0.0)
  imos_firewall (0.1.0)
  imos_java (1.5.4)
    java (>= 0.0.0)
  imos_jenkins (0.1.3)
    apt (>= 0.0.0)
    build-essential (>= 0.0.0)
    git (>= 0.0.0)
    imos_backup (>= 0.0.0)
    imos_core (>= 0.0.0)
    imos_devel (>= 0.0.0)
    imos_java (>= 0.0.0)
    imos_po (>= 0.0.0)
    imos_postgresql (>= 0.0.0)
    jenkins (>= 0.0.0)
    packer (>= 0.0.0)
    rbenv (>= 0.0.0)
    ruby_build (>= 0.0.0)
    xvfb (>= 0.0.0)
  imos_mounts (0.1.0)
    nfs (>= 0.0.0)
    s3fs-fuse (>= 0.0.0)
    users (>= 0.0.0)
  imos_po (0.1.0)
    imos_core (>= 0.0.0)
    imos_mounts (>= 0.0.0)
    imos_users (>= 0.0.0)
    logrotate (>= 0.0.0)
    python (>= 0.0.0)
    rabbitmq (>= 0.0.0)
    rsyslog (>= 0.0.0)
    sudo (>= 0.0.0)
    supervisor (>= 0.0.0)
  imos_postfix (0.1.0)
    postfix (>= 0.0.0)
  imos_postgresql (0.2.0)
    backup (>= 0.0.0)
  imos_rsync (0.1.0)
    imos_po (>= 0.0.0)
    logrotate (>= 0.0.0)
    rsync (>= 0.0.0)
    rsync_chroot (>= 0.0.0)
  imos_squid (1.0.0)
    logrotate (>= 0.0.0)
    squid (>= 0.0.0)
  imos_task_spooler (1.0.0)
  imos_users (0.1.0)
    sudo (>= 0.0.0)
    users (>= 0.0.0)
  imos_vsftpd (1.0.0)
    imos_po (>= 0.0.0)
    vsftpd (>= 0.0.0)
  imos_webapps (1.0.6)
    backup (>= 0.0.0)
    external_templates (>= 0.0.0)
    git (>= 0.0.0)
    imos_apache2 (>= 0.0.0)
    imos_artifacts (>= 0.0.0)
    imos_core (>= 0.0.0)
    imos_java (>= 0.0.0)
    tomcat (>= 0.0.0)
  imos_websites (0.1.0)
    application (>= 0.0.0)
    git (>= 0.0.0)
    imos_apache2 (>= 0.0.0)
    imos_core (>= 0.0.0)
  java (1.47.0)
    apt (>= 0.0.0)
    homebrew (>= 0.0.0)
    windows (>= 0.0.0)
  jenkins (4.2.1)
    compat_resource (>= 12.16.3)
    runit (>= 1.7)
  line (0.6.3)
  logrotate (2.1.0)
    compat_resource (>= 0.0.0)
  mingw (1.2.5)
    compat_resource (>= 12.16.3)
    seven_zip (>= 0.0.0)
  minitest-handler (1.5.0)
    chef_handler (>= 0.0.0)
  mysql (6.1.2)
    smf (>= 0.0.0)
    yum-mysql-community (>= 0.0.0)
  nagios (4.1.14)
    apache2 (>= 0.0.0)
    build-essential (>= 0.0.0)
    chef_handler (>= 0.0.0)
    imos_backup (>= 0.0.0)
    imos_core (>= 0.0.0)
    imos_po (>= 0.0.0)
    imos_users (>= 0.0.0)
    nginx (>= 0.0.0)
    nginx_simplecgi (>= 0.0.0)
    php (>= 0.0.0)
    sudo (>= 0.0.0)
    yum (>= 0.0.0)
  nfs (2.3.1)
    line (>= 0.0.0)
    sysctl (>= 0.0.0)
  nginx (1.8.0)
    apt (>= 0.0.0)
    build-essential (>= 0.0.0)
    ohai (>= 1.1.4)
    runit (>= 0.0.0)
    yum (>= 0.0.0)
  nginx_simplecgi (0.1.2)
    bluepill (>= 0.0.0)
    nginx (>= 0.0.0)
    perl (>= 0.0.0)
    runit (>= 0.0.0)
  ntp (3.3.1)
  ohai (4.2.3)
    compat_resource (>= 12.14.7)
  omnibus_updater (3.0.0)
  packagecloud (0.2.5)
  packer (0.3.0)
    ark (~> 0.4.0)
  passenger_apache2 (3.0.0)
    apache2 (>= 2.0)
    build-essential (>= 0.0.0)
  perl (4.0.0)
    windows (>= 0.0.0)
  php (2.2.0)
    build-essential (>= 0.0.0)
    iis (>= 0.0.0)
    mysql (>= 6.0.0)
    xml (>= 0.0.0)
    yum-epel (>= 0.0.0)
  poise (2.7.2)
  poise-archive (1.3.0)
    poise (~> 2.6)
  poise-languages (2.0.4)
    poise (~> 2.5)
    poise-archive (~> 1.0)
  poise-python (1.5.1)
    poise (~> 2.7)
    poise-languages (~> 2.0)
  postfix (5.0.0)
  python (1.4.6)
    build-essential (>= 0.0.0)
    yum-epel (>= 0.0.0)
  rabbitmq (4.10.0)
    dpkg_autostart (>= 0.0.0)
    erlang (>= 0.0.0)
    yum-epel (>= 0.0.0)
    yum-erlang_solutions (>= 0.0.0)
  rbac (1.0.3)
  rbenv (1.7.1)
    apt (>= 0.0.0)
    build-essential (>= 0.0.0)
    git (>= 0.0.0)
    ohai (>= 1.1)
  rc_mon (0.2.0)
    control_groups (>= 0.0.0)
    runit (>= 0.0.0)
  route53 (1.2.1)
  rsync (1.0.1)
  rsync_chroot (1.0.0)
  rsyslog (5.1.0)
    compat_resource (>= 12.14.6)
  ruby_build (1.0.0)
    yum-epel (>= 0.0.0)
  ruby_rbenv (1.1.0)
    java (> 1.4.0)
    ruby_build (>= 0.0.0)
  runit (3.0.5)
    packagecloud (>= 0.0.0)
    yum-epel (>= 0.0.0)
  s3fs-fuse (0.1.4)
    rc_mon (>= 0.0.0)
  seven_zip (2.0.2)
    windows (>= 1.2.2)
  smf (2.2.8)
    rbac (>= 1.0.1)
  squid (3.1.0)
  ssl (1.1.1)
  sudo (3.3.1)
  supervisor (0.4.12)
    python (>= 0.0.0)
  sysctl (0.8.1)
    ohai (>= 4.0)
  talend (1.0.0)
    imos_artifacts (>= 0.0.0)
    imos_java (>= 0.0.0)
    imos_task_spooler (>= 0.0.0)
  timezone_lwrp (0.1.10)
  tomcat (0.12.0)
    imos_java (>= 0.0.0)
    logrotate (>= 0.0.0)
  unattended_upgrades (0.3.0)
  unicorn (2.1.2)
    build-essential (>= 0.0.0)
  users (4.0.3)
  vsftpd (0.1.1)
    yum-epel (>= 0.0.0)
  windows (2.1.1)
    ohai (>= 4.0.0)
  xml (3.1.1)
    build-essential (>= 0.0.0)
  xvfb (3.0.0)
  yum (3.13.0)
  yum-epel (2.1.1)
    compat_resource (>= 12.16.3)
  yum-erlang_solutions (1.0.3)
    compat_resource (>= 12.16.3)
    yum-epel (>= 0.0.0)
  yum-mysql-community (2.0.3)
    compat_resource (>= 12.16.3)
